
Microsoft Visual Studio Solution File, Format Version 12.00
# Visual Studio Version 17
VisualStudioVersion = 17.0.31912.275
MinimumVisualStudioVersion = 10.0.40219.1
Project("{9A19103F-16F7-4668-BE54-9A1E7A4F7556}") = "ShapeLibrary", "ShapeAreaLibrary\ShapeLibrary.csproj", "{8A6710F3-2A1B-4502-804B-FEB58D998FCE}"
EndProject
Project("{9A19103F-16F7-4668-BE54-9A1E7A4F7556}") = "ShapeLibrary.Tests", "ShapeAreaLibrary.Tests\ShapeLibrary.Tests.csproj", "{731F55C9-9D77-461A-9184-20977E6E65CB}"
EndProject
Global
	GlobalSection(SolutionConfigurationPlatforms) = preSolution
		Debug|Any CPU = Debug|Any CPU
		Release|Any CPU = Release|Any CPU
	EndGlobalSection
	GlobalSection(ProjectConfigurationPlatforms) = postSolution
		{8A6710F3-2A1B-4502-804B-FEB58D998FCE}.Debug|Any CPU.ActiveCfg = Debug|Any CPU
		{8A6710F3-2A1B-4502-804B-FEB58D998FCE}.Debug|Any CPU.Build.0 = Debug|Any CPU
		{8A6710F3-2A1B-4502-804B-FEB58D998FCE}.Release|Any CPU.ActiveCfg = Release|Any CPU
		{8A6710F3-2A1B-4502-804B-FEB58D998FCE}.Release|Any CPU.Build.0 = Release|Any CPU
		{731F55C9-9D77-461A-9184-20977E6E65CB}.Debug|Any CPU.ActiveCfg = Debug|Any CPU
		{731F55C9-9D77-461A-9184-20977E6E65CB}.Debug|Any CPU.Build.0 = Debug|Any CPU
		{731F55C9-9D77-461A-9184-20977E6E65CB}.Release|Any CPU.ActiveCfg = Release|Any CPU
		{731F55C9-9D77-461A-9184-20977E6E65CB}.Release|Any CPU.Build.0 = Release|Any CPU
	EndGlobalSection
	GlobalSection(SolutionProperties) = preSolution
		HideSolutionNode = FALSE
	EndGlobalSection
	GlobalSection(ExtensibilityGlobals) = postSolution
		SolutionGuid = {84BDA7CB-8576-48FE-9C97-3982FAA804D9}
	EndGlobalSection
EndGlobal
